{
  "name": "cdk-load-tc",
  "version": "0.1.0",
  "lockfileVersion": 3,
  "requires": true,
  "packages": {
    "": {
      "name": "cdk-load-tc",
      "version": "0.1.0",
      "dependencies": {
        "type-czech": "^1.7.1"
      }
    },
    "..": {
      "name": "aws-lambda-roman-sqr",
      "version": "0.1.0",
      "extraneous": true,
      "dependencies": {
        "aws-cdk-lib": "2.145.0",
        "constructs": "^10.0.0",
        "type-czech": "^1.7.1"
      },
      "bin": {
        "cdk": "bin/cdk.js"
      },
      "devDependencies": {
        "aws-cdk": "2.145.0",
        "jest": "^29.7.0"
      }
    },
    "node_modules/type-czech": {
      "version": "1.7.4",
      "resolved": "https://registry.npmjs.org/type-czech/-/type-czech-1.7.4.tgz",
      "integrity": "sha512-Loxvbh4z25a8WrO3f/THcP8E2au0ChvMeouOhErxtojeLZw4DRXrWSQ42gUr3WUawjqmYwFiVjLPBkefhAcEvg=="
    }
  }
}
